
Microsoft Visual Studio Solution File, Format Version 12.00
# Visual Studio Version 16
VisualStudioVersion = 16.0.30011.22
MinimumVisualStudioVersion = 10.0.40219.1
Project("{FAE04EC0-301F-11D3-BF4B-00C04F79EFBC}") = "DuckSimulator", "DuckSimulator\DuckSimulator.csproj", "{0838A9C2-715C-488F-B7E1-58999719C1A9}"
EndProject
Global
	GlobalSection(SolutionConfigurationPlatforms) = preSolution
		Debug|Any CPU = Debug|Any CPU
		Release|Any CPU = Release|Any CPU
	EndGlobalSection
	GlobalSection(ProjectConfigurationPlatforms) = postSolution
		{0838A9C2-715C-488F-B7E1-58999719C1A9}.Debug|Any CPU.ActiveCfg = Debug|Any CPU
		{0838A9C2-715C-488F-B7E1-58999719C1A9}.Debug|Any CPU.Build.0 = Debug|Any CPU
		{0838A9C2-715C-488F-B7E1-58999719C1A9}.Release|Any CPU.ActiveCfg = Release|Any CPU
		{0838A9C2-715C-488F-B7E1-58999719C1A9}.Release|Any CPU.Build.0 = Release|Any CPU
	EndGlobalSection
	GlobalSection(SolutionProperties) = preSolution
		HideSolutionNode = FALSE
	EndGlobalSection
	GlobalSection(ExtensibilityGlobals) = postSolution
		SolutionGuid = {08288E3F-08F9-4720-8DBA-0AE795319ADC}
	EndGlobalSection
EndGlobal
